PODS:
  - IGListKit (3.4.0):
    - IGListKit/Default (= 3.4.0)
  - IGListKit/Default (3.4.0):
    - IGListKit/Diffing
  - IGListKit/Diffing (3.4.0)
  - MDIGListKit (0.1.0)

DEPENDENCIES:
  - IGListKit
  - MDIGListKit (from `../`)

SPEC REPOS:
  https://github.com/cocoapods/specs.git:
    - IGListKit

EXTERNAL SOURCES:
  MDIGListKit:
    :path: "../"

SPEC CHECKSUMS:
  IGListKit: 7a5d788e9fb746bcd402baa8e8b24bc3bd2a5a07
  MDIGListKit: 585d9677987de55e37615ae755f083ff44b272b1

PODFILE CHECKSUM: c03306ee9f4d9857c7b570e3c0a4008f8eafb4fa

COCOAPODS: 1.6.1
